
Microsoft Visual Studio Solution File, Format Version 12.00
# Visual Studio 15
VisualStudioVersion = 15.0.26124.0
MinimumVisualStudioVersion = 15.0.26124.0
Project("{FAE04EC0-301F-11D3-BF4B-00C04F79EFBC}") = "RouteGuide", "RouteGuide\RouteGuide.csproj", "{8456EA1E-6399-46DB-A18B-E148C066B8B6}"
EndProject
Project("{FAE04EC0-301F-11D3-BF4B-00C04F79EFBC}") = "RouteGuideClient", "RouteGuideClient\RouteGuideClient.csproj", "{181A9E24-1E92-45B4-B605-3DCBCAFFDEEC}"
EndProject
Project("{FAE04EC0-301F-11D3-BF4B-00C04F79EFBC}") = "RouteGuideServer", "RouteGuideServer\RouteGuideServer.csproj", "{DAE6C670-9715-4F70-BFCD-EF9904747C49}"
EndProject
Global
	GlobalSection(SolutionConfigurationPlatforms) = preSolution
		Debug|Any CPU = Debug|Any CPU
		Debug|x64 = Debug|x64
		Debug|x86 = Debug|x86
		Release|Any CPU = Release|Any CPU
		Release|x64 = Release|x64
		Release|x86 = Release|x86
	EndGlobalSection
	GlobalSection(SolutionProperties) = preSolution
		HideSolutionNode = FALSE
	EndGlobalSection
	GlobalSection(ProjectConfigurationPlatforms) = postSolution
		{8456EA1E-6399-46DB-A18B-E148C066B8B6}.Debug|Any CPU.ActiveCfg = Debug|Any CPU
		{8456EA1E-6399-46DB-A18B-E148C066B8B6}.Debug|Any CPU.Build.0 = Debug|Any CPU
		{8456EA1E-6399-46DB-A18B-E148C066B8B6}.Debug|x64.ActiveCfg = Debug|Any CPU
		{8456EA1E-6399-46DB-A18B-E148C066B8B6}.Debug|x64.Build.0 = Debug|Any CPU
		{8456EA1E-6399-46DB-A18B-E148C066B8B6}.Debug|x86.ActiveCfg = Debug|Any CPU
		{8456EA1E-6399-46DB-A18B-E148C066B8B6}.Debug|x86.Build.0 = Debug|Any CPU
		{8456EA1E-6399-46DB-A18B-E148C066B8B6}.Release|Any CPU.ActiveCfg = Release|Any CPU
		{8456EA1E-6399-46DB-A18B-E148C066B8B6}.Release|Any CPU.Build.0 = Release|Any CPU
		{8456EA1E-6399-46DB-A18B-E148C066B8B6}.Release|x64.ActiveCfg = Release|Any CPU
		{8456EA1E-6399-46DB-A18B-E148C066B8B6}.Release|x64.Build.0 = Release|Any CPU
		{8456EA1E-6399-46DB-A18B-E148C066B8B6}.Release|x86.ActiveCfg = Release|Any CPU
		{8456EA1E-6399-46DB-A18B-E148C066B8B6}.Release|x86.Build.0 = Release|Any CPU
		{181A9E24-1E92-45B4-B605-3DCBCAFFDEEC}.Debug|Any CPU.ActiveCfg = Debug|Any CPU
		{181A9E24-1E92-45B4-B605-3DCBCAFFDEEC}.Debug|Any CPU.Build.0 = Debug|Any CPU
		{181A9E24-1E92-45B4-B605-3DCBCAFFDEEC}.Debug|x64.ActiveCfg = Debug|Any CPU
		{181A9E24-1E92-45B4-B605-3DCBCAFFDEEC}.Debug|x64.Build.0 = Debug|Any CPU
		{181A9E24-1E92-45B4-B605-3DCBCAFFDEEC}.Debug|x86.ActiveCfg = Debug|Any CPU
		{181A9E24-1E92-45B4-B605-3DCBCAFFDEEC}.Debug|x86.Build.0 = Debug|Any CPU
		{181A9E24-1E92-45B4-B605-3DCBCAFFDEEC}.Release|Any CPU.ActiveCfg = Release|Any CPU
		{181A9E24-1E92-45B4-B605-3DCBCAFFDEEC}.Release|Any CPU.Build.0 = Release|Any CPU
		{181A9E24-1E92-45B4-B605-3DCBCAFFDEEC}.Release|x64.ActiveCfg = Release|Any CPU
		{181A9E24-1E92-45B4-B605-3DCBCAFFDEEC}.Release|x64.Build.0 = Release|Any CPU
		{181A9E24-1E92-45B4-B605-3DCBCAFFDEEC}.Release|x86.ActiveCfg = Release|Any CPU
		{181A9E24-1E92-45B4-B605-3DCBCAFFDEEC}.Release|x86.Build.0 = Release|Any CPU
		{DAE6C670-9715-4F70-BFCD-EF9904747C49}.Debug|Any CPU.ActiveCfg = Debug|Any CPU
		{DAE6C670-9715-4F70-BFCD-EF9904747C49}.Debug|Any CPU.Build.0 = Debug|Any CPU
		{DAE6C670-9715-4F70-BFCD-EF9904747C49}.Debug|x64.ActiveCfg = Debug|Any CPU
		{DAE6C670-9715-4F70-BFCD-EF9904747C49}.Debug|x64.Build.0 = Debug|Any CPU
		{DAE6C670-9715-4F70-BFCD-EF9904747C49}.Debug|x86.ActiveCfg = Debug|Any CPU
		{DAE6C670-9715-4F70-BFCD-EF9904747C49}.Debug|x86.Build.0 = Debug|Any CPU
		{DAE6C670-9715-4F70-BFCD-EF9904747C49}.Release|Any CPU.ActiveCfg = Release|Any CPU
		{DAE6C670-9715-4F70-BFCD-EF9904747C49}.Release|Any CPU.Build.0 = Release|Any CPU
		{DAE6C670-9715-4F70-BFCD-EF9904747C49}.Release|x64.ActiveCfg = Release|Any CPU
		{DAE6C670-9715-4F70-BFCD-EF9904747C49}.Release|x64.Build.0 = Release|Any CPU
		{DAE6C670-9715-4F70-BFCD-EF9904747C49}.Release|x86.ActiveCfg = Release|Any CPU
		{DAE6C670-9715-4F70-BFCD-EF9904747C49}.Release|x86.Build.0 = Release|Any CPU
	EndGlobalSection
EndGlobal
